
Microsoft Visual Studio Solution File, Format Version 12.00
# Visual Studio Version 17
VisualStudioVersion = 17.0.31903.59
MinimumVisualStudioVersion = 10.0.40219.1
Project("{2150E333-8FDC-42A3-9474-1A3956D46DE8}") = "src", "src", "{8A820356-060C-45F7-A692-628FC1DC475A}"
EndProject
Project("{FAE04EC0-301F-11D3-BF4B-00C04F79EFBC}") = "FocusLock.App", "src\FocusLock.App\FocusLock.App.csproj", "{76ABAA74-F6EA-4663-A71F-2B3C653B86C6}"
EndProject
Project("{FAE04EC0-301F-11D3-BF4B-00C04F79EFBC}") = "FocusLock.Browser", "src\FocusLock.Browser\FocusLock.Browser.csproj", "{EA76851D-97FC-4D2D-935B-9B1763F160E8}"
EndProject
Project("{FAE04EC0-301F-11D3-BF4B-00C04F79EFBC}") = "FocusLock.Config", "src\FocusLock.Config\FocusLock.Config.csproj", "{0CF73516-DB0A-4FC3-82BD-072EEB424619}"
EndProject
Project("{FAE04EC0-301F-11D3-BF4B-00C04F79EFBC}") = "FocusLock.Core", "src\FocusLock.Core\FocusLock.Core.csproj", "{C3F0A33B-282C-410E-BC0C-525F0627FC2F}"
EndProject
Project("{FAE04EC0-301F-11D3-BF4B-00C04F79EFBC}") = "FocusLock.Focus", "src\FocusLock.Focus\FocusLock.Focus.csproj", "{7B34C388-2216-4250-9C5B-982B5086EFD3}"
EndProject
Project("{FAE04EC0-301F-11D3-BF4B-00C04F79EFBC}") = "FocusLock.Logging", "src\FocusLock.Logging\FocusLock.Logging.csproj", "{CFE96819-EE6E-4430-BAB8-5E21DF518ED7}"
EndProject
Project("{FAE04EC0-301F-11D3-BF4B-00C04F79EFBC}") = "FocusLock.Security", "src\FocusLock.Security\FocusLock.Security.csproj", "{FB380250-9AF8-492D-A620-F2A551E5CBC4}"
EndProject
Project("{2150E333-8FDC-42A3-9474-1A3956D46DE8}") = "tests", "tests", "{7A1FA66B-4091-437F-BA3E-B84856C134A9}"
EndProject
Project("{FAE04EC0-301F-11D3-BF4B-00C04F79EFBC}") = "FocusLock.Config.Tests", "tests\FocusLock.Config.Tests\FocusLock.Config.Tests.csproj", "{E42433A6-0DA4-406F-9D0C-2697FE53EF42}"
EndProject
Project("{FAE04EC0-301F-11D3-BF4B-00C04F79EFBC}") = "FocusLock.Core.Tests", "tests\FocusLock.Core.Tests\FocusLock.Core.Tests.csproj", "{A657044C-BB3E-4629-BDB0-F3709FB454DB}"
EndProject
Project("{FAE04EC0-301F-11D3-BF4B-00C04F79EFBC}") = "FocusLock.Logging.Tests", "tests\FocusLock.Logging.Tests\FocusLock.Logging.Tests.csproj", "{56D5139B-0C12-486F-8177-A1DF8C0C6764}"
EndProject
Project("{FAE04EC0-301F-11D3-BF4B-00C04F79EFBC}") = "FocusLock.Security.Tests", "tests\FocusLock.Security.Tests\FocusLock.Security.Tests.csproj", "{231A77AF-CBF3-41BB-8D94-63A77CEC3E15}"
EndProject
Global
	GlobalSection(SolutionConfigurationPlatforms) = preSolution
		Debug|Any CPU = Debug|Any CPU
		Release|Any CPU = Release|Any CPU
	EndGlobalSection
	GlobalSection(SolutionProperties) = preSolution
		HideSolutionNode = FALSE
	EndGlobalSection
	GlobalSection(ProjectConfigurationPlatforms) = postSolution
		{76ABAA74-F6EA-4663-A71F-2B3C653B86C6}.Debug|Any CPU.ActiveCfg = Debug|Any CPU
		{76ABAA74-F6EA-4663-A71F-2B3C653B86C6}.Debug|Any CPU.Build.0 = Debug|Any CPU
		{76ABAA74-F6EA-4663-A71F-2B3C653B86C6}.Release|Any CPU.ActiveCfg = Release|Any CPU
		{76ABAA74-F6EA-4663-A71F-2B3C653B86C6}.Release|Any CPU.Build.0 = Release|Any CPU
		{EA76851D-97FC-4D2D-935B-9B1763F160E8}.Debug|Any CPU.ActiveCfg = Debug|Any CPU
		{EA76851D-97FC-4D2D-935B-9B1763F160E8}.Debug|Any CPU.Build.0 = Debug|Any CPU
		{EA76851D-97FC-4D2D-935B-9B1763F160E8}.Release|Any CPU.ActiveCfg = Release|Any CPU
		{EA76851D-97FC-4D2D-935B-9B1763F160E8}.Release|Any CPU.Build.0 = Release|Any CPU
		{0CF73516-DB0A-4FC3-82BD-072EEB424619}.Debug|Any CPU.ActiveCfg = Debug|Any CPU
		{0CF73516-DB0A-4FC3-82BD-072EEB424619}.Debug|Any CPU.Build.0 = Debug|Any CPU
		{0CF73516-DB0A-4FC3-82BD-072EEB424619}.Release|Any CPU.ActiveCfg = Release|Any CPU
		{0CF73516-DB0A-4FC3-82BD-072EEB424619}.Release|Any CPU.Build.0 = Release|Any CPU
		{C3F0A33B-282C-410E-BC0C-525F0627FC2F}.Debug|Any CPU.ActiveCfg = Debug|Any CPU
		{C3F0A33B-282C-410E-BC0C-525F0627FC2F}.Debug|Any CPU.Build.0 = Debug|Any CPU
		{C3F0A33B-282C-410E-BC0C-525F0627FC2F}.Release|Any CPU.ActiveCfg = Release|Any CPU
		{C3F0A33B-282C-410E-BC0C-525F0627FC2F}.Release|Any CPU.Build.0 = Release|Any CPU
		{7B34C388-2216-4250-9C5B-982B5086EFD3}.Debug|Any CPU.ActiveCfg = Debug|Any CPU
		{7B34C388-2216-4250-9C5B-982B5086EFD3}.Debug|Any CPU.Build.0 = Debug|Any CPU
		{7B34C388-2216-4250-9C5B-982B5086EFD3}.Release|Any CPU.ActiveCfg = Release|Any CPU
		{7B34C388-2216-4250-9C5B-982B5086EFD3}.Release|Any CPU.Build.0 = Release|Any CPU
		{CFE96819-EE6E-4430-BAB8-5E21DF518ED7}.Debug|Any CPU.ActiveCfg = Debug|Any CPU
		{CFE96819-EE6E-4430-BAB8-5E21DF518ED7}.Debug|Any CPU.Build.0 = Debug|Any CPU
		{CFE96819-EE6E-4430-BAB8-5E21DF518ED7}.Release|Any CPU.ActiveCfg = Release|Any CPU
		{CFE96819-EE6E-4430-BAB8-5E21DF518ED7}.Release|Any CPU.Build.0 = Release|Any CPU
		{FB380250-9AF8-492D-A620-F2A551E5CBC4}.Debug|Any CPU.ActiveCfg = Debug|Any CPU
		{FB380250-9AF8-492D-A620-F2A551E5CBC4}.Debug|Any CPU.Build.0 = Debug|Any CPU
		{FB380250-9AF8-492D-A620-F2A551E5CBC4}.Release|Any CPU.ActiveCfg = Release|Any CPU
		{FB380250-9AF8-492D-A620-F2A551E5CBC4}.Release|Any CPU.Build.0 = Release|Any CPU
		{E42433A6-0DA4-406F-9D0C-2697FE53EF42}.Debug|Any CPU.ActiveCfg = Debug|Any CPU
		{E42433A6-0DA4-406F-9D0C-2697FE53EF42}.Debug|Any CPU.Build.0 = Debug|Any CPU
		{E42433A6-0DA4-406F-9D0C-2697FE53EF42}.Release|Any CPU.ActiveCfg = Release|Any CPU
		{E42433A6-0DA4-406F-9D0C-2697FE53EF42}.Release|Any CPU.Build.0 = Release|Any CPU
		{A657044C-BB3E-4629-BDB0-F3709FB454DB}.Debug|Any CPU.ActiveCfg = Debug|Any CPU
		{A657044C-BB3E-4629-BDB0-F3709FB454DB}.Debug|Any CPU.Build.0 = Debug|Any CPU
		{A657044C-BB3E-4629-BDB0-F3709FB454DB}.Release|Any CPU.ActiveCfg = Release|Any CPU
		{A657044C-BB3E-4629-BDB0-F3709FB454DB}.Release|Any CPU.Build.0 = Release|Any CPU
		{56D5139B-0C12-486F-8177-A1DF8C0C6764}.Debug|Any CPU.ActiveCfg = Debug|Any CPU
		{56D5139B-0C12-486F-8177-A1DF8C0C6764}.Debug|Any CPU.Build.0 = Debug|Any CPU
		{56D5139B-0C12-486F-8177-A1DF8C0C6764}.Release|Any CPU.ActiveCfg = Release|Any CPU
		{56D5139B-0C12-486F-8177-A1DF8C0C6764}.Release|Any CPU.Build.0 = Release|Any CPU
		{231A77AF-CBF3-41BB-8D94-63A77CEC3E15}.Debug|Any CPU.ActiveCfg = Debug|Any CPU
		{231A77AF-CBF3-41BB-8D94-63A77CEC3E15}.Debug|Any CPU.Build.0 = Debug|Any CPU
		{231A77AF-CBF3-41BB-8D94-63A77CEC3E15}.Release|Any CPU.ActiveCfg = Release|Any CPU
		{231A77AF-CBF3-41BB-8D94-63A77CEC3E15}.Release|Any CPU.Build.0 = Release|Any CPU
	EndGlobalSection
	GlobalSection(NestedProjects) = preSolution
		{76ABAA74-F6EA-4663-A71F-2B3C653B86C6} = {8A820356-060C-45F7-A692-628FC1DC475A}
		{EA76851D-97FC-4D2D-935B-9B1763F160E8} = {8A820356-060C-45F7-A692-628FC1DC475A}
		{0CF73516-DB0A-4FC3-82BD-072EEB424619} = {8A820356-060C-45F7-A692-628FC1DC475A}
		{C3F0A33B-282C-410E-BC0C-525F0627FC2F} = {8A820356-060C-45F7-A692-628FC1DC475A}
		{7B34C388-2216-4250-9C5B-982B5086EFD3} = {8A820356-060C-45F7-A692-628FC1DC475A}
		{CFE96819-EE6E-4430-BAB8-5E21DF518ED7} = {8A820356-060C-45F7-A692-628FC1DC475A}
		{FB380250-9AF8-492D-A620-F2A551E5CBC4} = {8A820356-060C-45F7-A692-628FC1DC475A}
		{E42433A6-0DA4-406F-9D0C-2697FE53EF42} = {7A1FA66B-4091-437F-BA3E-B84856C134A9}
		{A657044C-BB3E-4629-BDB0-F3709FB454DB} = {7A1FA66B-4091-437F-BA3E-B84856C134A9}
		{56D5139B-0C12-486F-8177-A1DF8C0C6764} = {7A1FA66B-4091-437F-BA3E-B84856C134A9}
		{231A77AF-CBF3-41BB-8D94-63A77CEC3E15} = {7A1FA66B-4091-437F-BA3E-B84856C134A9}
	EndGlobalSection
EndGlobal
